
Microsoft Visual Studio Solution File, Format Version 12.00
# Visual Studio 15
VisualStudioVersion = 15.0.27428.2002
MinimumVisualStudioVersion = 10.0.40219.1
Project("{FAE04EC0-301F-11D3-BF4B-00C04F79EFBC}") = "DaniQuizApi", "DaniQuizApi\DaniQuizApi.csproj", "{5AF2066F-91D7-4600-B05E-ECFF1326136C}"
EndProject
Project("{FAE04EC0-301F-11D3-BF4B-00C04F79EFBC}") = "DaniQuizDomain", "DaniQuizDomain\DaniQuizDomain.csproj", "{671F2B25-2A54-4C0E-ABF4-6A69CFF6B12C}"
EndProject
Project("{FAE04EC0-301F-11D3-BF4B-00C04F79EFBC}") = "DaniQuizRepositories", "DaniQuizRepositories\DaniQuizRepositories.csproj", "{4144CDED-E945-4047-B074-1D2FF9532454}"
EndProject
Project("{FAE04EC0-301F-11D3-BF4B-00C04F79EFBC}") = "DaniQuizApplication", "DaniQuizApplication\DaniQuizApplication.csproj", "{13582F08-4C75-4BE5-A5B8-F6624B49B175}"
EndProject
Global
	GlobalSection(SolutionConfigurationPlatforms) = preSolution
		Debug|Any CPU = Debug|Any CPU
		Release|Any CPU = Release|Any CPU
	EndGlobalSection
	GlobalSection(ProjectConfigurationPlatforms) = postSolution
		{5AF2066F-91D7-4600-B05E-ECFF1326136C}.Debug|Any CPU.ActiveCfg = Debug|Any CPU
		{5AF2066F-91D7-4600-B05E-ECFF1326136C}.Debug|Any CPU.Build.0 = Debug|Any CPU
		{5AF2066F-91D7-4600-B05E-ECFF1326136C}.Release|Any CPU.ActiveCfg = Release|Any CPU
		{5AF2066F-91D7-4600-B05E-ECFF1326136C}.Release|Any CPU.Build.0 = Release|Any CPU
		{671F2B25-2A54-4C0E-ABF4-6A69CFF6B12C}.Debug|Any CPU.ActiveCfg = Debug|Any CPU
		{671F2B25-2A54-4C0E-ABF4-6A69CFF6B12C}.Debug|Any CPU.Build.0 = Debug|Any CPU
		{671F2B25-2A54-4C0E-ABF4-6A69CFF6B12C}.Release|Any CPU.ActiveCfg = Release|Any CPU
		{671F2B25-2A54-4C0E-ABF4-6A69CFF6B12C}.Release|Any CPU.Build.0 = Release|Any CPU
		{4144CDED-E945-4047-B074-1D2FF9532454}.Debug|Any CPU.ActiveCfg = Debug|Any CPU
		{4144CDED-E945-4047-B074-1D2FF9532454}.Debug|Any CPU.Build.0 = Debug|Any CPU
		{4144CDED-E945-4047-B074-1D2FF9532454}.Release|Any CPU.ActiveCfg = Release|Any CPU
		{4144CDED-E945-4047-B074-1D2FF9532454}.Release|Any CPU.Build.0 = Release|Any CPU
		{13582F08-4C75-4BE5-A5B8-F6624B49B175}.Debug|Any CPU.ActiveCfg = Debug|Any CPU
		{13582F08-4C75-4BE5-A5B8-F6624B49B175}.Debug|Any CPU.Build.0 = Debug|Any CPU
		{13582F08-4C75-4BE5-A5B8-F6624B49B175}.Release|Any CPU.ActiveCfg = Release|Any CPU
		{13582F08-4C75-4BE5-A5B8-F6624B49B175}.Release|Any CPU.Build.0 = Release|Any CPU
	EndGlobalSection
	GlobalSection(SolutionProperties) = preSolution
		HideSolutionNode = FALSE
	EndGlobalSection
	GlobalSection(ExtensibilityGlobals) = postSolution
		SolutionGuid = {BEDD3D7F-AEC4-402E-A1C2-76C5439FAE31}
	EndGlobalSection
EndGlobal
